// !$*UTF8*$!
{
	archiveVersion = 1;
	classes = {
	};
	objectVersion = 50;
	objects = {

/* Begin PBXBuildFile section */
		9683F49A20BBFC06002DB64A /* AppDelegate.m in Sources */ = {isa = PBXBuildFile; fileRef = 9683F49920BBFC06002DB64A /* AppDelegate.m */; };
		9683F49D20BBFC06002DB64A /* ViewController.m in Sources */ = {isa = PBXBuildFile; fileRef = 9683F49C20BBFC06002DB64A /* ViewController.m */; };
		9683F4A020BBFC06002DB64A /* Main.storyboard in Resources */ = {isa = PBXBuildFile; fileRef = 9683F49E20BBFC06002DB64A /* Main.storyboard */; };
		9683F4A220BBFC07002DB64A /* Assets.xcassets in Resources */ = {isa = PBXBuildFile; fileRef = 9683F4A120BBFC07002DB64A /* Assets.xcassets */; };
		9683F4A520BBFC07002DB64A /* LaunchScreen.storyboard in Resources */ = {isa = PBXBuildFile; fileRef = 9683F4A320BBFC07002DB64A /* LaunchScreen.storyboard */; };
		9683F4A820BBFC07002DB64A /* main.m in Sources */ = {isa = PBXBuildFile; fileRef = 9683F4A720BBFC07002DB64A /* main.m */; };
		9683F4B320BBFC2C002DB64A /* MyUIManager.m in Sources */ = {isa = PBXBuildFile; fileRef = 9683F4AE20BBFC2A002DB64A /* MyUIManager.m */; };
		9683F4B420BBFC2C002DB64A /* AccountKitStrings.bundle in Resources */ = {isa = PBXBuildFile; fileRef = 9683F4B020BBFC2A002DB64A /* AccountKitStrings.bundle */; };
		9683F4B520BBFC2C002DB64A /* profile-dream.jpg in Resources */ = {isa = PBXBuildFile; fileRef = 9683F4B120BBFC2B002DB64A /* profile-dream.jpg */; };
		9683F4B620BBFC2C002DB64A /* AccountKit.framework in Frameworks */ = {isa = PBXBuildFile; fileRef = 9683F4B220BBFC2C002DB64A /* AccountKit.framework */; };
		9683F4BF20BC0BB0002DB64A /* AdvancedUIManager.m in Sources */ = {isa = PBXBuildFile; fileRef = 9683F4BC20BC0BB0002DB64A /* AdvancedUIManager.m */; };
		9683F4C020BC0BB0002DB64A /* PlaceholderView.m in Sources */ = {isa = PBXBuildFile; fileRef = 9683F4BE20BC0BB0002DB64A /* PlaceholderView.m */; };
		9683F4C320BC0D60002DB64A /* LXActionBar.m in Sources */ = {isa = PBXBuildFile; fileRef = 9683F4C220BC0D60002DB64A /* LXActionBar.m */; };
		96A8562A20BCF37300A50C77 /* LXHeader.m in Sources */ = {isa = PBXBuildFile; fileRef = 96A8562920BCF37300A50C77 /* LXHeader.m */; };
		96A8564020BD3C9800A50C77 /* LaunchScreen.strings in Resources */ = {isa = PBXBuildFile; fileRef = 96A8563A20BD3C9800A50C77 /* LaunchScreen.strings */; };
		96A8564120BD3C9800A50C77 /* Main.strings in Resources */ = {isa = PBXBuildFile; fileRef = 96A8563C20BD3C9800A50C77 /* Main.strings */; };
		96A8564220BD3C9800A50C77 /* Info.plist in Resources */ = {isa = PBXBuildFile; fileRef = 96A8563E20BD3C9800A50C77 /* Info.plist */; };
		96A8564D20BD3CC300A50C77 /* Info.plist in Resources */ = {isa = PBXBuildFile; fileRef = 96A8564420BD3CC300A50C77 /* Info.plist */; };
		96A8564E20BD3CC300A50C77 /* LaunchScreen.storyboard in Resources */ = {isa = PBXBuildFile; fileRef = 96A8564720BD3CC300A50C77 /* LaunchScreen.storyboard */; };
		96A8564F20BD3CC300A50C77 /* Main.storyboard in Resources */ = {isa = PBXBuildFile; fileRef = 96A8564920BD3CC300A50C77 /* Main.storyboard */; };
		96A8565020BD3CC300A50C77 /* Info.plist in Resources */ = {isa = PBXBuildFile; fileRef = 96A8564B20BD3CC300A50C77 /* Info.plist */; };
		96A8565320BD3CE900A50C77 /* Demo.strings in Resources */ = {isa = PBXBuildFile; fileRef = 96A8565120BD3CE900A50C77 /* Demo.strings */; };
/* End PBXBuildFile section */

/* Begin PBXFileReference section */
		9683F49520BBFC06002DB64A /* TestAccountDemo1.app */ = {isa = PBXFileReference; explicitFileType = wrapper.application; includeInIndex = 0; path = TestAccountDemo1.app; sourceTree = BUILT_PRODUCTS_DIR; };
		9683F49820BBFC06002DB64A /* AppDelegate.h */ = {isa = PBXFileReference; lastKnownFileType = sourcecode.c.h; path = AppDelegate.h; sourceTree = "<group>"; };
		9683F49920BBFC06002DB64A /* AppDelegate.m */ = {isa = PBXFileReference; lastKnownFileType = sourcecode.c.objc; path = AppDelegate.m; sourceTree = "<group>"; };
		9683F49B20BBFC06002DB64A /* ViewController.h */ = {isa = PBXFileReference; lastKnownFileType = sourcecode.c.h; path = ViewController.h; sourceTree = "<group>"; };
		9683F49C20BBFC06002DB64A /* ViewController.m */ = {isa = PBXFileReference; lastKnownFileType = sourcecode.c.objc; path = ViewController.m; sourceTree = "<group>"; };
		9683F49F20BBFC06002DB64A /* Base */ = {isa = PBXFileReference; lastKnownFileType = file.storyboard; name = Base; path = Base.lproj/Main.storyboard; sourceTree = "<group>"; };
		9683F4A120BBFC07002DB64A /* Assets.xcassets */ = {isa = PBXFileReference; lastKnownFileType = folder.assetcatalog; path = Assets.xcassets; sourceTree = "<group>"; };
		9683F4A420BBFC07002DB64A /* Base */ = {isa = PBXFileReference; lastKnownFileType = file.storyboard; name = Base; path = Base.lproj/LaunchScreen.storyboard; sourceTree = "<group>"; };
		9683F4A720BBFC07002DB64A /* main.m */ = {isa = PBXFileReference; lastKnownFileType = sourcecode.c.objc; path = main.m; sourceTree = "<group>"; };
		9683F4AE20BBFC2A002DB64A /* MyUIManager.m */ = {isa = PBXFileReference; fileEncoding = 4; lastKnownFileType = sourcecode.c.objc; path = MyUIManager.m; sourceTree = "<group>"; };
		9683F4AF20BBFC2A002DB64A /* MyUIManager.h */ = {isa = PBXFileReference; fileEncoding = 4; lastKnownFileType = sourcecode.c.h; path = MyUIManager.h; sourceTree = "<group>"; };
		9683F4B020BBFC2A002DB64A /* AccountKitStrings.bundle */ = {isa = PBXFileReference; lastKnownFileType = "wrapper.plug-in"; path = AccountKitStrings.bundle; sourceTree = "<group>"; };
		9683F4B120BBFC2B002DB64A /* profile-dream.jpg */ = {isa = PBXFileReference; lastKnownFileType = image.jpeg; path = "profile-dream.jpg"; sourceTree = "<group>"; };
		9683F4B220BBFC2C002DB64A /* AccountKit.framework */ = {isa = PBXFileReference; lastKnownFileType = wrapper.framework; path = AccountKit.framework; sourceTree = "<group>"; };
		9683F4BB20BC0BB0002DB64A /* AdvancedUIManager.h */ = {isa = PBXFileReference; fileEncoding = 4; lastKnownFileType = sourcecode.c.h; path = AdvancedUIManager.h; sourceTree = "<group>"; };
		9683F4BC20BC0BB0002DB64A /* AdvancedUIManager.m */ = {isa = PBXFileReference; fileEncoding = 4; lastKnownFileType = sourcecode.c.objc; path = AdvancedUIManager.m; sourceTree = "<group>"; };
		9683F4BD20BC0BB0002DB64A /* PlaceholderView.h */ = {isa = PBXFileReference; fileEncoding = 4; lastKnownFileType = sourcecode.c.h; path = PlaceholderView.h; sourceTree = "<group>"; };
		9683F4BE20BC0BB0002DB64A /* PlaceholderView.m */ = {isa = PBXFileReference; fileEncoding = 4; lastKnownFileType = sourcecode.c.objc; path = PlaceholderView.m; sourceTree = "<group>"; };
		9683F4C120BC0D60002DB64A /* LXActionBar.h */ = {isa = PBXFileReference; lastKnownFileType = sourcecode.c.h; path = LXActionBar.h; sourceTree = "<group>"; };
		9683F4C220BC0D60002DB64A /* LXActionBar.m */ = {isa = PBXFileReference; lastKnownFileType = sourcecode.c.objc; path = LXActionBar.m; sourceTree = "<group>"; };
		96A8562820BCF37300A50C77 /* LXHeader.h */ = {isa = PBXFileReference; lastKnownFileType = sourcecode.c.h; path = LXHeader.h; sourceTree = "<group>"; };
		96A8562920BCF37300A50C77 /* LXHeader.m */ = {isa = PBXFileReference; lastKnownFileType = sourcecode.c.objc; path = LXHeader.m; sourceTree = "<group>"; };
		96A8563320BD3A6900A50C77 /* Base */ = {isa = PBXFileReference; lastKnownFileType = text.plist.xml; name = Base; path = Base.lproj/Info.plist; sourceTree = "<group>"; };
		96A8563520BD3A8500A50C77 /* zh-Hans */ = {isa = PBXFileReference; lastKnownFileType = text.plist.strings; name = "zh-Hans"; path = "zh-Hans.lproj/Main.strings"; sourceTree = "<group>"; };
		96A8563620BD3A8500A50C77 /* zh-Hans */ = {isa = PBXFileReference; lastKnownFileType = text.plist.strings; name = "zh-Hans"; path = "zh-Hans.lproj/LaunchScreen.strings"; sourceTree = "<group>"; };
		96A8563720BD3A8500A50C77 /* zh-Hans */ = {isa = PBXFileReference; lastKnownFileType = text.plist.xml; name = "zh-Hans"; path = "zh-Hans.lproj/Info.plist"; sourceTree = "<group>"; };
		96A8563820BD3B3100A50C77 /* en */ = {isa = PBXFileReference; lastKnownFileType = text.plist.xml; name = en; path = en.lproj/Info.plist; sourceTree = "<group>"; };
		96A8563B20BD3C9800A50C77 /* zh-Hans */ = {isa = PBXFileReference; lastKnownFileType = text.plist.strings; name = "zh-Hans"; path = LaunchScreen.strings; sourceTree = "<group>"; };
		96A8563D20BD3C9800A50C77 /* zh-Hans */ = {isa = PBXFileReference; lastKnownFileType = text.plist.strings; name = "zh-Hans"; path = Main.strings; sourceTree = "<group>"; };
		96A8563F20BD3C9800A50C77 /* zh-Hans */ = {isa = PBXFileReference; lastKnownFileType = text.plist.xml; name = "zh-Hans"; path = Info.plist; sourceTree = "<group>"; };
		96A8564520BD3CC300A50C77 /* en */ = {isa = PBXFileReference; lastKnownFileType = text.plist.xml; name = en; path = Info.plist; sourceTree = "<group>"; };
		96A8564820BD3CC300A50C77 /* Base */ = {isa = PBXFileReference; lastKnownFileType = file.storyboard; name = Base; path = LaunchScreen.storyboard; sourceTree = "<group>"; };
		96A8564A20BD3CC300A50C77 /* Base */ = {isa = PBXFileReference; lastKnownFileType = file.storyboard; name = Base; path = Main.storyboard; sourceTree = "<group>"; };
		96A8564C20BD3CC300A50C77 /* Base */ = {isa = PBXFileReference; lastKnownFileType = text.plist.xml; name = Base; path = Info.plist; sourceTree = "<group>"; };
		96A8565220BD3CE900A50C77 /* zh-Hans */ = {isa = PBXFileReference; lastKnownFileType = text.plist.strings; name = "zh-Hans"; path = Demo.strings; sourceTree = "<group>"; };
/* End PBXFileReference section */

/* Begin PBXFrameworksBuildPhase section */
		9683F49220BBFC06002DB64A /* Frameworks */ = {
			isa = PBXFrameworksBuildPhase;
			buildActionMask = 2147483647;
			files = (
				9683F4B620BBFC2C002DB64A /* AccountKit.framework in Frameworks */,
			);
			runOnlyForDeploymentPostprocessing = 0;
		};
/* End PBXFrameworksBuildPhase section */

/* Begin PBXGroup section */
		9683F48C20BBFC06002DB64A = {
			isa = PBXGroup;
			children = (
				9683F49720BBFC06002DB64A /* TestAccountDemo1 */,
				9683F49620BBFC06002DB64A /* Products */,
			);
			sourceTree = "<group>";
		};
		9683F49620BBFC06002DB64A /* Products */ = {
			isa = PBXGroup;
			children = (
				9683F49520BBFC06002DB64A /* TestAccountDemo1.app */,
			);
			name = Products;
			sourceTree = "<group>";
		};
		9683F49720BBFC06002DB64A /* TestAccountDemo1 */ = {
			isa = PBXGroup;
			children = (
				9683F49820BBFC06002DB64A /* AppDelegate.h */,
				9683F49920BBFC06002DB64A /* AppDelegate.m */,
				9683F49B20BBFC06002DB64A /* ViewController.h */,
				9683F49C20BBFC06002DB64A /* ViewController.m */,
				9683F49E20BBFC06002DB64A /* Main.storyboard */,
				9683F4A120BBFC07002DB64A /* Assets.xcassets */,
				9683F4A320BBFC07002DB64A /* LaunchScreen.storyboard */,
				96A8563420BD3A6900A50C77 /* Info.plist */,
				9683F4B220BBFC2C002DB64A /* AccountKit.framework */,
				9683F4B020BBFC2A002DB64A /* AccountKitStrings.bundle */,
				9683F4AF20BBFC2A002DB64A /* MyUIManager.h */,
				9683F4AE20BBFC2A002DB64A /* MyUIManager.m */,
				9683F4B120BBFC2B002DB64A /* profile-dream.jpg */,
				9683F4A720BBFC07002DB64A /* main.m */,
				96A8564620BD3CC300A50C77 /* Base.lproj */,
				96A8564320BD3CC300A50C77 /* en.lproj */,
				96A8563920BD3C9800A50C77 /* zh-Hans.lproj */,
				9683F4BB20BC0BB0002DB64A /* AdvancedUIManager.h */,
				9683F4BC20BC0BB0002DB64A /* AdvancedUIManager.m */,
				9683F4BD20BC0BB0002DB64A /* PlaceholderView.h */,
				9683F4BE20BC0BB0002DB64A /* PlaceholderView.m */,
				9683F4C120BC0D60002DB64A /* LXActionBar.h */,
				9683F4C220BC0D60002DB64A /* LXActionBar.m */,
				96A8562820BCF37300A50C77 /* LXHeader.h */,
				96A8562920BCF37300A50C77 /* LXHeader.m */,
			);
			path = TestAccountDemo1;
			sourceTree = "<group>";
		};
		96A8563920BD3C9800A50C77 /* zh-Hans.lproj */ = {
			isa = PBXGroup;
			children = (
				96A8563A20BD3C9800A50C77 /* LaunchScreen.strings */,
				96A8563C20BD3C9800A50C77 /* Main.strings */,
				96A8563E20BD3C9800A50C77 /* Info.plist */,
				96A8565120BD3CE900A50C77 /* Demo.strings */,
			);
			path = "zh-Hans.lproj";
			sourceTree = "<group>";
		};
		96A8564320BD3CC300A50C77 /* en.lproj */ = {
			isa = PBXGroup;
			children = (
				96A8564420BD3CC300A50C77 /* Info.plist */,
			);
			path = en.lproj;
			sourceTree = "<group>";
		};
		96A8564620BD3CC300A50C77 /* Base.lproj */ = {
			isa = PBXGroup;
			children = (
				96A8564720BD3CC300A50C77 /* LaunchScreen.storyboard */,
				96A8564920BD3CC300A50C77 /* Main.storyboard */,
				96A8564B20BD3CC300A50C77 /* Info.plist */,
			);
			path = Base.lproj;
			sourceTree = "<group>";
		};
/* End PBXGroup section */

/* Begin PBXNativeTarget section */
		9683F49420BBFC06002DB64A /* TestAccountDemo1 */ = {
			isa = PBXNativeTarget;
			buildConfigurationList = 9683F4AB20BBFC07002DB64A /* Build configuration list for PBXNativeTarget "TestAccountDemo1" */;
			buildPhases = (
				9683F49120BBFC06002DB64A /* Sources */,
				9683F49220BBFC06002DB64A /* Frameworks */,
				9683F49320BBFC06002DB64A /* Resources */,
			);
			buildRules = (
			);
			dependencies = (
			);
			name = TestAccountDemo1;
			productName = TestAccountDemo1;
			productReference = 9683F49520BBFC06002DB64A /* TestAccountDemo1.app */;
			productType = "com.apple.product-type.application";
		};
/* End PBXNativeTarget section */

/* Begin PBXProject section */
		9683F48D20BBFC06002DB64A /* Project object */ = {
			isa = PBXProject;
			attributes = {
				LastUpgradeCheck = 0930;
				ORGANIZATIONNAME = "IDEAL YANG";
				TargetAttributes = {
					9683F49420BBFC06002DB64A = {
						CreatedOnToolsVersion = 9.3.1;
					};
				};
			};
			buildConfigurationList = 9683F49020BBFC06002DB64A /* Build configuration list for PBXProject "TestAccountDemo1" */;
			compatibilityVersion = "Xcode 9.3";
			developmentRegion = en;
			hasScannedForEncodings = 0;
			knownRegions = (
				en,
				Base,
				"zh-Hans",
			);
			mainGroup = 9683F48C20BBFC06002DB64A;
			productRefGroup = 9683F49620BBFC06002DB64A /* Products */;
			projectDirPath = "";
			projectRoot = "";
			targets = (
				9683F49420BBFC06002DB64A /* TestAccountDemo1 */,
			);
		};
/* End PBXProject section */

/* Begin PBXResourcesBuildPhase section */
		9683F49320BBFC06002DB64A /* Resources */ = {
			isa = PBXResourcesBuildPhase;
			buildActionMask = 2147483647;
			files = (
				96A8564220BD3C9800A50C77 /* Info.plist in Resources */,
				9683F4A520BBFC07002DB64A /* LaunchScreen.storyboard in Resources */,
				96A8564D20BD3CC300A50C77 /* Info.plist in Resources */,
				96A8564E20BD3CC300A50C77 /* LaunchScreen.storyboard in Resources */,
				96A8564020BD3C9800A50C77 /* LaunchScreen.strings in Resources */,
				96A8564F20BD3CC300A50C77 /* Main.storyboard in Resources */,
				9683F4A220BBFC07002DB64A /* Assets.xcassets in Resources */,
				9683F4B520BBFC2C002DB64A /* profile-dream.jpg in Resources */,
				96A8565020BD3CC300A50C77 /* Info.plist in Resources */,
				96A8564120BD3C9800A50C77 /* Main.strings in Resources */,
				9683F4A020BBFC06002DB64A /* Main.storyboard in Resources */,
				96A8565320BD3CE900A50C77 /* Demo.strings in Resources */,
				9683F4B420BBFC2C002DB64A /* AccountKitStrings.bundle in Resources */,
			);
			runOnlyForDeploymentPostprocessing = 0;
		};
/* End PBXResourcesBuildPhase section */

/* Begin PBXSourcesBuildPhase section */
		9683F49120BBFC06002DB64A /* Sources */ = {
			isa = PBXSourcesBuildPhase;
			buildActionMask = 2147483647;
			files = (
				9683F49D20BBFC06002DB64A /* ViewController.m in Sources */,
				9683F4BF20BC0BB0002DB64A /* AdvancedUIManager.m in Sources */,
				96A8562A20BCF37300A50C77 /* LXHeader.m in Sources */,
				9683F4C320BC0D60002DB64A /* LXActionBar.m in Sources */,
				9683F4C020BC0BB0002DB64A /* PlaceholderView.m in Sources */,
				9683F4A820BBFC07002DB64A /* main.m in Sources */,
				9683F49A20BBFC06002DB64A /* AppDelegate.m in Sources */,
				9683F4B320BBFC2C002DB64A /* MyUIManager.m in Sources */,
			);
			runOnlyForDeploymentPostprocessing = 0;
		};
/* End PBXSourcesBuildPhase section */

/* Begin PBXVariantGroup section */
		9683F49E20BBFC06002DB64A /* Main.storyboard */ = {
			isa = PBXVariantGroup;
			children = (
				9683F49F20BBFC06002DB64A /* Base */,
				96A8563520BD3A8500A50C77 /* zh-Hans */,
			);
			name = Main.storyboard;
			sourceTree = "<group>";
		};
		9683F4A320BBFC07002DB64A /* LaunchScreen.storyboard */ = {
			isa = PBXVariantGroup;
			children = (
				9683F4A420BBFC07002DB64A /* Base */,
				96A8563620BD3A8500A50C77 /* zh-Hans */,
			);
			name = LaunchScreen.storyboard;
			sourceTree = "<group>";
		};
		96A8563420BD3A6900A50C77 /* Info.plist */ = {
			isa = PBXVariantGroup;
			children = (
				96A8563320BD3A6900A50C77 /* Base */,
				96A8563720BD3A8500A50C77 /* zh-Hans */,
				96A8563820BD3B3100A50C77 /* en */,
			);
			name = Info.plist;
			sourceTree = "<group>";
		};
		96A8563A20BD3C9800A50C77 /* LaunchScreen.strings */ = {
			isa = PBXVariantGroup;
			children = (
				96A8563B20BD3C9800A50C77 /* zh-Hans */,
			);
			name = LaunchScreen.strings;
			sourceTree = "<group>";
		};
		96A8563C20BD3C9800A50C77 /* Main.strings */ = {
			isa = PBXVariantGroup;
			children = (
				96A8563D20BD3C9800A50C77 /* zh-Hans */,
			);
			name = Main.strings;
			sourceTree = "<group>";
		};
		96A8563E20BD3C9800A50C77 /* Info.plist */ = {
			isa = PBXVariantGroup;
			children = (
				96A8563F20BD3C9800A50C77 /* zh-Hans */,
			);
			name = Info.plist;
			sourceTree = "<group>";
		};
		96A8564420BD3CC300A50C77 /* Info.plist */ = {
			isa = PBXVariantGroup;
			children = (
				96A8564520BD3CC300A50C77 /* en */,
			);
			name = Info.plist;
			sourceTree = "<group>";
		};
		96A8564720BD3CC300A50C77 /* LaunchScreen.storyboard */ = {
			isa = PBXVariantGroup;
			children = (
				96A8564820BD3CC300A50C77 /* Base */,
			);
			name = LaunchScreen.storyboard;
			sourceTree = "<group>";
		};
		96A8564920BD3CC300A50C77 /* Main.storyboard */ = {
			isa = PBXVariantGroup;
			children = (
				96A8564A20BD3CC300A50C77 /* Base */,
			);
			name = Main.storyboard;
			sourceTree = "<group>";
		};
		96A8564B20BD3CC300A50C77 /* Info.plist */ = {
			isa = PBXVariantGroup;
			children = (
				96A8564C20BD3CC300A50C77 /* Base */,
			);
			name = Info.plist;
			sourceTree = "<group>";
		};
		96A8565120BD3CE900A50C77 /* Demo.strings */ = {
			isa = PBXVariantGroup;
			children = (
				96A8565220BD3CE900A50C77 /* zh-Hans */,
			);
			name = Demo.strings;
			sourceTree = "<group>";
		};
/* End PBXVariantGroup section */

/* Begin XCBuildConfiguration section */
		9683F4A920BBFC07002DB64A /* Debug */ = {
			isa = XCBuildConfiguration;
			buildSettings = {
				ALWAYS_SEARCH_USER_PATHS = NO;
				CLANG_ANALYZER_LOCALIZABILITY_NONLOCALIZED = YES;
				CLANG_ANALYZER_NONNULL = YES;
				CLANG_ANALYZER_NUMBER_OBJECT_CONVERSION = YES_AGGRESSIVE;
				CLANG_CXX_LANGUAGE_STANDARD = "gnu++14";
				CLANG_CXX_LIBRARY = "libc++";
				CLANG_ENABLE_MODULES = YES;
				CLANG_ENABLE_OBJC_ARC = YES;
				CLANG_ENABLE_OBJC_WEAK = YES;
				CLANG_WARN_BLOCK_CAPTURE_AUTORELEASING = YES;
				CLANG_WARN_BOOL_CONVERSION = YES;
				CLANG_WARN_COMMA = YES;
				CLANG_WARN_CONSTANT_CONVERSION = YES;
				CLANG_WARN_DEPRECATED_OBJC_IMPLEMENTATIONS = YES;
				CLANG_WARN_DIRECT_OBJC_ISA_USAGE = YES_ERROR;
				CLANG_WARN_DOCUMENTATION_COMMENTS = YES;
				CLANG_WARN_EMPTY_BODY = YES;
				CLANG_WARN_ENUM_CONVERSION = YES;
				CLANG_WARN_INFINITE_RECURSION = YES;
				CLANG_WARN_INT_CONVERSION = YES;
				CLANG_WARN_NON_LITERAL_NULL_CONVERSION = YES;
				CLANG_WARN_OBJC_IMPLICIT_RETAIN_SELF = YES;
				CLANG_WARN_OBJC_LITERAL_CONVERSION = YES;
				CLANG_WARN_OBJC_ROOT_CLASS = YES_ERROR;
				CLANG_WARN_RANGE_LOOP_ANALYSIS = YES;
				CLANG_WARN_STRICT_PROTOTYPES = YES;
				CLANG_WARN_SUSPICIOUS_MOVE = YES;
				CLANG_WARN_UNGUARDED_AVAILABILITY = YES_AGGRESSIVE;
				CLANG_WARN_UNREACHABLE_CODE = YES;
				CLANG_WARN__DUPLICATE_METHOD_MATCH = YES;
				CODE_SIGN_IDENTITY = "iPhone Developer";
				COPY_PHASE_STRIP = NO;
				DEBUG_INFORMATION_FORMAT = dwarf;
				ENABLE_STRICT_OBJC_MSGSEND = YES;
				ENABLE_TESTABILITY = YES;
				GCC_C_LANGUAGE_STANDARD = gnu11;
				GCC_DYNAMIC_NO_PIC = NO;
				GCC_NO_COMMON_BLOCKS = YES;
				GCC_OPTIMIZATION_LEVEL = 0;
				GCC_PREPROCESSOR_DEFINITIONS = (
					"DEBUG=1",
					"$(inherited)",
				);
				GCC_WARN_64_TO_32_BIT_CONVERSION = YES;
				GCC_WARN_ABOUT_RETURN_TYPE = YES_ERROR;
				GCC_WARN_UNDECLARED_SELECTOR = YES;
				GCC_WARN_UNINITIALIZED_AUTOS = YES_AGGRESSIVE;
				GCC_WARN_UNUSED_FUNCTION = YES;
				GCC_WARN_UNUSED_VARIABLE = YES;
				IPHONEOS_DEPLOYMENT_TARGET = 11.3;
				MTL_ENABLE_DEBUG_INFO = YES;
				ONLY_ACTIVE_ARCH = YES;
				SDKROOT = iphoneos;
			};
			name = Debug;
		};
		9683F4AA20BBFC07002DB64A /* Release */ = {
			isa = XCBuildConfiguration;
			buildSettings = {
				ALWAYS_SEARCH_USER_PATHS = NO;
				CLANG_ANALYZER_LOCALIZABILITY_NONLOCALIZED = YES;
				CLANG_ANALYZER_NONNULL = YES;
				CLANG_ANALYZER_NUMBER_OBJECT_CONVERSION = YES_AGGRESSIVE;
				CLANG_CXX_LANGUAGE_STANDARD = "gnu++14";
				CLANG_CXX_LIBRARY = "libc++";
				CLANG_ENABLE_MODULES = YES;
				CLANG_ENABLE_OBJC_ARC = YES;
				CLANG_ENABLE_OBJC_WEAK = YES;
				CLANG_WARN_BLOCK_CAPTURE_AUTORELEASING = YES;
				CLANG_WARN_BOOL_CONVERSION = YES;
				CLANG_WARN_COMMA = YES;
				CLANG_WARN_CONSTANT_CONVERSION = YES;
				CLANG_WARN_DEPRECATED_OBJC_IMPLEMENTATIONS = YES;
				CLANG_WARN_DIRECT_OBJC_ISA_USAGE = YES_ERROR;
				CLANG_WARN_DOCUMENTATION_COMMENTS = YES;
				CLANG_WARN_EMPTY_BODY = YES;
				CLANG_WARN_ENUM_CONVERSION = YES;
				CLANG_WARN_INFINITE_RECURSION = YES;
				CLANG_WARN_INT_CONVERSION = YES;
				CLANG_WARN_NON_LITERAL_NULL_CONVERSION = YES;
				CLANG_WARN_OBJC_IMPLICIT_RETAIN_SELF = YES;
				CLANG_WARN_OBJC_LITERAL_CONVERSION = YES;
				CLANG_WARN_OBJC_ROOT_CLASS = YES_ERROR;
				CLANG_WARN_RANGE_LOOP_ANALYSIS = YES;
				CLANG_WARN_STRICT_PROTOTYPES = YES;
				CLANG_WARN_SUSPICIOUS_MOVE = YES;
				CLANG_WARN_UNGUARDED_AVAILABILITY = YES_AGGRESSIVE;
				CLANG_WARN_UNREACHABLE_CODE = YES;
				CLANG_WARN__DUPLICATE_METHOD_MATCH = YES;
				CODE_SIGN_IDENTITY = "iPhone Developer";
				COPY_PHASE_STRIP = NO;
				DEBUG_INFORMATION_FORMAT = "dwarf-with-dsym";
				ENABLE_NS_ASSERTIONS = NO;
				ENABLE_STRICT_OBJC_MSGSEND = YES;
				GCC_C_LANGUAGE_STANDARD = gnu11;
				GCC_NO_COMMON_BLOCKS = YES;
				GCC_WARN_64_TO_32_BIT_CONVERSION = YES;
				GCC_WARN_ABOUT_RETURN_TYPE = YES_ERROR;
				GCC_WARN_UNDECLARED_SELECTOR = YES;
				GCC_WARN_UNINITIALIZED_AUTOS = YES_AGGRESSIVE;
				GCC_WARN_UNUSED_FUNCTION = YES;
				GCC_WARN_UNUSED_VARIABLE = YES;
				IPHONEOS_DEPLOYMENT_TARGET = 11.3;
				MTL_ENABLE_DEBUG_INFO = NO;
				SDKROOT = iphoneos;
				VALIDATE_PRODUCT = YES;
			};
			name = Release;
		};
		9683F4AC20BBFC07002DB64A /* Debug */ = {
			isa = XCBuildConfiguration;
			buildSettings = {
				ASSETCATALOG_COMPILER_APPICON_NAME = AppIcon;
				CODE_SIGN_STYLE = Automatic;
				DEVELOPMENT_TEAM = KDBGGLE9RX;
				FRAMEWORK_SEARCH_PATHS = (
					"$(inherited)",
					"$(PROJECT_DIR)/TestAccountDemo1",
				);
				INFOPLIST_FILE = TestAccountDemo1/Base.lproj/Info.plist;
				IPHONEOS_DEPLOYMENT_TARGET = 9.0;
				LD_RUNPATH_SEARCH_PATHS = (
					"$(inherited)",
					"@executable_path/Frameworks",
				);
				PRODUCT_BUNDLE_IDENTIFIER = com.tuchaoshi.TestAccountDemo1;
				PRODUCT_NAME = "$(TARGET_NAME)";
				TARGETED_DEVICE_FAMILY = "1,2";
			};
			name = Debug;
		};
		9683F4AD20BBFC07002DB64A /* Release */ = {
			isa = XCBuildConfiguration;
			buildSettings = {
				ASSETCATALOG_COMPILER_APPICON_NAME = AppIcon;
				CODE_SIGN_STYLE = Automatic;
				DEVELOPMENT_TEAM = KDBGGLE9RX;
				FRAMEWORK_SEARCH_PATHS = (
					"$(inherited)",
					"$(PROJECT_DIR)/TestAccountDemo1",
				);
				INFOPLIST_FILE = TestAccountDemo1/Base.lproj/Info.plist;
				IPHONEOS_DEPLOYMENT_TARGET = 9.0;
				LD_RUNPATH_SEARCH_PATHS = (
					"$(inherited)",
					"@executable_path/Frameworks",
				);
				PRODUCT_BUNDLE_IDENTIFIER = com.tuchaoshi.TestAccountDemo1;
				PRODUCT_NAME = "$(TARGET_NAME)";
				TARGETED_DEVICE_FAMILY = "1,2";
			};
			name = Release;
		};
/* End XCBuildConfiguration section */

/* Begin XCConfigurationList section */
		9683F49020BBFC06002DB64A /* Build configuration list for PBXProject "TestAccountDemo1" */ = {
			isa = XCConfigurationList;
			buildConfigurations = (
				9683F4A920BBFC07002DB64A /* Debug */,
				9683F4AA20BBFC07002DB64A /* Release */,
			);
			defaultConfigurationIsVisible = 0;
			defaultConfigurationName = Release;
		};
		9683F4AB20BBFC07002DB64A /* Build configuration list for PBXNativeTarget "TestAccountDemo1" */ = {
			isa = XCConfigurationList;
			buildConfigurations = (
				9683F4AC20BBFC07002DB64A /* Debug */,
				9683F4AD20BBFC07002DB64A /* Release */,
			);
			defaultConfigurationIsVisible = 0;
			defaultConfigurationName = Release;
		};
/* End XCConfigurationList section */
	};
	rootObject = 9683F48D20BBFC06002DB64A /* Project object */;
}
